{
    "_readme": [
        "This file locks the dependencies of your project to a known state",
        "Read more about it at https://getcomposer.org/doc/01-basic-usage.md#composer-lock-the-lock-file",
        "This file is @generated automatically"
    ],
    "hash": "7cbd7ddf4a67bccfc60910801ab76d13",
    "content-hash": "f25d65c1129ce4386e5adc9ed1ce2d7b",
    "packages": [
        {
            "name": "aws/aws-php-sns-message-validator",
            "version": "1.1.0",
            "source": {
                "type": "git",
                "url": "https://github.com/aws/aws-php-sns-message-validator.git",
                "reference": "c9fce7635417bcc75383ec5f6fa3790a4d9729b8"
            },
            "dist": {
                "type": "zip",
                "url": "https://api.github.com/repos/aws/aws-php-sns-message-validator/zipball/c9fce7635417bcc75383ec5f6fa3790a4d9729b8",
                "reference": "c9fce7635417bcc75383ec5f6fa3790a4d9729b8",
                "shasum": ""
            },
            "require": {
                "ext-openssl": "*",
                "php": ">=5.4"
            },
            "require-dev": {
                "phpunit/phpunit": "^4.0",
                "squizlabs/php_codesniffer": "^2.3"
            },
            "type": "library",
            "autoload": {
                "psr-4": {
                    "Aws\\Sns\\": "src/"
                }
            },
            "notification-url": "https://packagist.org/downloads/",
            "license": [
                "Apache-2.0"
            ],
            "authors": [
                {
                    "name": "Amazon Web Services",
                    "homepage": "http://aws.amazon.com"
                }
            ],
            "description": "Amazon SNS message validation for PHP",
            "homepage": "http://aws.amazon.com/sdkforphp",
            "keywords": [
                "SNS",
                "amazon",
                "aws",
                "cloud",
                "message",
                "sdk",
                "webhooks"
            ],
            "time": "2015-09-03 20:53:53"
        },
        {
            "name": "aws/aws-sdk-php",
            "version": "3.18.6",
            "source": {
                "type": "git",
                "url": "https://github.com/aws/aws-sdk-php.git",
                "reference": "e22ee28280547dccfef2646a67a9e8fa05c811cf"
            },
            "dist": {
                "type": "zip",
                "url": "https://api.github.com/repos/aws/aws-sdk-php/zipball/e22ee28280547dccfef2646a67a9e8fa05c811cf",
                "reference": "e22ee28280547dccfef2646a67a9e8fa05c811cf",
                "shasum": ""
            },
            "require": {
                "guzzlehttp/guzzle": "~5.3|~6.0.1|~6.1",
                "guzzlehttp/promises": "~1.0",
                "guzzlehttp/psr7": "~1.0",
                "mtdowling/jmespath.php": "~2.2",
                "php": ">=5.5"
            },
            "require-dev": {
                "andrewsville/php-token-reflection": "^1.4",
                "aws/aws-php-sns-message-validator": "~1.0",
                "behat/behat": "~3.0",
                "doctrine/cache": "~1.4",
                "ext-dom": "*",
                "ext-json": "*",
                "ext-openssl": "*",
                "ext-pcre": "*",
                "ext-simplexml": "*",
                "ext-spl": "*",
                "nette/neon": "^2.3",
                "phpunit/phpunit": "~4.0|~5.0",
                "psr/cache": "^1.0"
            },
            "suggest": {
                "aws/aws-php-sns-message-validator": "To validate incoming SNS notifications",
                "doctrine/cache": "To use the DoctrineCacheAdapter",
                "ext-curl": "To send requests using cURL",
                "ext-openssl": "Allows working with CloudFront private distributions and verifying received SNS messages"
            },
            "type": "library",
            "extra": {
                "branch-alias": {
                    "dev-master": "3.0-dev"
                }
            },
            "autoload": {
                "psr-4": {
                    "Aws\\": "src/"
                },
                "files": [
                    "src/functions.php"
                ]
            },
            "notification-url": "https://packagist.org/downloads/",
            "license": [
                "Apache-2.0"
            ],
            "authors": [
                {
                    "name": "Amazon Web Services",
                    "homepage": "http://aws.amazon.com"
                }
            ],
            "description": "AWS SDK for PHP - Use Amazon Web Services in your PHP project",
            "homepage": "http://aws.amazon.com/sdkforphp",
            "keywords": [
                "amazon",
                "aws",
                "cloud",
                "dynamodb",
                "ec2",
                "glacier",
                "s3",
                "sdk"
            ],
            "time": "2016-05-05 19:57:48"
        },
        {
            "name": "blumanski/bang",
            "version": "v0.0.6",
            "source": {
                "type": "git",
                "url": "https://github.com/blumanski/bang.git",
                "reference": "a748d38f2fe373f6f44e42a0cfe4e45d4650de45"
            },
            "type": "library",
            "license": [
                "MIT"
            ],
            "authors": [
                {
                    "name": "blumanski",
                    "email": "blumanski@gmail.com"
                }
            ],
            "description": "Simple php framework core",
            "time": "2016-05-09 01:14:21"
        },
        {
            "name": "blumanski/bang_backend_accounts",
            "version": "v0.0.1",
            "source": {
                "type": "git",
                "url": "https://github.com/blumanski/bang_backend_accounts.git",
                "reference": "09d16bb099a9f3ee2565a5da9c00fb6c838210bc"
            },
            "type": "library",
            "license": [
                "MIT"
            ],
            "authors": [
                {
                    "name": "blumanski",
                    "email": "blumanski@gmail.com"
                }
            ],
            "description": "Account module for Bang Framework - Backend",
            "time": "2016-05-09 03:26:03"
        },
        {
            "name": "blumanski/bang_backend_content",
            "version": "V0.0.1",
            "source": {
                "type": "git",
                "url": "https://github.com/blumanski/bang_backend_content.git",
                "reference": "b249445372d19e4fbcda3389d458368f6b581150"
            },
            "type": "library",
            "license": [
                "MIT"
            ],
            "authors": [
                {
                    "name": "blumanski",
                    "email": "blumanski@gmail.com"
                }
            ],
            "description": "Content module for Bang Framework - Backend",
            "time": "2016-05-09 04:04:03"
        },
        {
            "name": "blumanski/bang_backend_dashboard",
            "version": "V0.0.1",
            "source": {
                "type": "git",
                "url": "https://github.com/blumanski/bang_backend_dashboard.git",
                "reference": "f15699a31f0dbc6da37fc83b4c421e3a8a2a4db2"
            },
            "type": "library",
            "license": [
                "MIT"
            ],
            "authors": [
                {
                    "name": "blumanski",
                    "email": "blumanski@gmail.com"
                }
            ],
            "description": "Dashboard module for Bang Framework - Backend",
            "time": "2016-05-09 03:47:50"
        },
        {
            "name": "blumanski/bang_backend_error",
            "version": "V0.0.1",
            "source": {
                "type": "git",
                "url": "https://github.com/blumanski/bang_backend_error.git",
                "reference": "9cf562f6d2619676360094aabdd8b746f8ae62fd"
            },
            "type": "library",
            "license": [
                "MIT"
            ],
            "authors": [
                {
                    "name": "blumanski",
                    "email": "blumanski@gmail.com"
                }
            ],
            "description": "Error module for Bang Framework - Backend",
            "time": "2016-05-09 03:56:12"
        },
        {
            "name": "blumanski/bang_backend_nestedset",
            "version": "V0.0.1",
            "source": {
                "type": "git",
                "url": "https://github.com/blumanski/bang_backend_nestedset.git",
                "reference": "caf5f68cfbd96e02663c6d0d4f2337dd94017c71"
            },
            "type": "library",
            "license": [
                "MIT"
            ],
            "authors": [
                {
                    "name": "blumanski",
                    "email": "blumanski@gmail.com"
                }
            ],
            "description": "Directory module for Bang Framework - Backend",
            "time": "2016-05-09 03:36:43"
        },
        {
            "name": "google/recaptcha",
            "version": "1.1.2",
            "source": {
                "type": "git",
                "url": "https://github.com/google/recaptcha.git",
                "reference": "2b7e00566afca82a38a1d3adb8e42c118006296e"
            },
            "dist": {
                "type": "zip",
                "url": "https://api.github.com/repos/google/recaptcha/zipball/2b7e00566afca82a38a1d3adb8e42c118006296e",
                "reference": "2b7e00566afca82a38a1d3adb8e42c118006296e",
                "shasum": ""
            },
            "require": {
                "php": ">=5.3.2"
            },
            "require-dev": {
                "phpunit/phpunit": "4.5.*"
            },
            "type": "library",
            "extra": {
                "branch-alias": {
                    "dev-master": "1.1.x-dev"
                }
            },
            "autoload": {
                "psr-4": {
                    "ReCaptcha\\": "src/ReCaptcha"
                }
            },
            "notification-url": "https://packagist.org/downloads/",
            "license": [
                "BSD-3-Clause"
            ],
            "description": "Client library for reCAPTCHA, a free service that protect websites from spam and abuse.",
            "homepage": "http://www.google.com/recaptcha/",
            "keywords": [
                "Abuse",
                "captcha",
                "recaptcha",
                "spam"
            ],
            "time": "2015-09-02 17:23:59"
        },
        {
            "name": "guzzlehttp/guzzle",
            "version": "6.2.0",
            "source": {
                "type": "git",
                "url": "https://github.com/guzzle/guzzle.git",
                "reference": "d094e337976dff9d8e2424e8485872194e768662"
            },
            "dist": {
                "type": "zip",
                "url": "https://api.github.com/repos/guzzle/guzzle/zipball/d094e337976dff9d8e2424e8485872194e768662",
                "reference": "d094e337976dff9d8e2424e8485872194e768662",
                "shasum": ""
            },
            "require": {
                "guzzlehttp/promises": "~1.0",
                "guzzlehttp/psr7": "~1.1",
                "php": ">=5.5.0"
            },
            "require-dev": {
                "ext-curl": "*",
                "phpunit/phpunit": "~4.0",
                "psr/log": "~1.0"
            },
            "type": "library",
            "extra": {
                "branch-alias": {
                    "dev-master": "6.2-dev"
                }
            },
            "autoload": {
                "files": [
                    "src/functions_include.php"
                ],
                "psr-4": {
                    "GuzzleHttp\\": "src/"
                }
            },
            "notification-url": "https://packagist.org/downloads/",
            "license": [
                "MIT"
            ],
            "authors": [
                {
                    "name": "Michael Dowling",
                    "email": "mtdowling@gmail.com",
                    "homepage": "https://github.com/mtdowling"
                }
            ],
            "description": "Guzzle is a PHP HTTP client library",
            "homepage": "http://guzzlephp.org/",
            "keywords": [
                "client",
                "curl",
                "framework",
                "http",
                "http client",
                "rest",
                "web service"
            ],
            "time": "2016-03-21 20:02:09"
        },
        {
            "name": "guzzlehttp/promises",
            "version": "1.1.0",
            "source": {
                "type": "git",
                "url": "https://github.com/guzzle/promises.git",
                "reference": "bb9024c526b22f3fe6ae55a561fd70653d470aa8"
            },
            "dist": {
                "type": "zip",
                "url": "https://api.github.com/repos/guzzle/promises/zipball/bb9024c526b22f3fe6ae55a561fd70653d470aa8",
                "reference": "bb9024c526b22f3fe6ae55a561fd70653d470aa8",
                "shasum": ""
            },
            "require": {
                "php": ">=5.5.0"
            },
            "require-dev": {
                "phpunit/phpunit": "~4.0"
            },
            "type": "library",
            "extra": {
                "branch-alias": {
                    "dev-master": "1.0-dev"
                }
            },
            "autoload": {
                "psr-4": {
                    "GuzzleHttp\\Promise\\": "src/"
                },
                "files": [
                    "src/functions_include.php"
                ]
            },
            "notification-url": "https://packagist.org/downloads/",
            "license": [
                "MIT"
            ],
            "authors": [
                {
                    "name": "Michael Dowling",
                    "email": "mtdowling@gmail.com",
                    "homepage": "https://github.com/mtdowling"
                }
            ],
            "description": "Guzzle promises library",
            "keywords": [
                "promise"
            ],
            "time": "2016-03-08 01:15:46"
        },
        {
            "name": "guzzlehttp/psr7",
            "version": "1.3.0",
            "source": {
                "type": "git",
                "url": "https://github.com/guzzle/psr7.git",
                "reference": "31382fef2889136415751badebbd1cb022a4ed72"
            },
            "dist": {
                "type": "zip",
                "url": "https://api.github.com/repos/guzzle/psr7/zipball/31382fef2889136415751badebbd1cb022a4ed72",
                "reference": "31382fef2889136415751badebbd1cb022a4ed72",
                "shasum": ""
            },
            "require": {
                "php": ">=5.4.0",
                "psr/http-message": "~1.0"
            },
            "provide": {
                "psr/http-message-implementation": "1.0"
            },
            "require-dev": {
                "phpunit/phpunit": "~4.0"
            },
            "type": "library",
            "extra": {
                "branch-alias": {
                    "dev-master": "1.0-dev"
                }
            },
            "autoload": {
                "psr-4": {
                    "GuzzleHttp\\Psr7\\": "src/"
                },
                "files": [
                    "src/functions_include.php"
                ]
            },
            "notification-url": "https://packagist.org/downloads/",
            "license": [
                "MIT"
            ],
            "authors": [
                {
                    "name": "Michael Dowling",
                    "email": "mtdowling@gmail.com",
                    "homepage": "https://github.com/mtdowling"
                }
            ],
            "description": "PSR-7 message implementation",
            "keywords": [
                "http",
                "message",
                "stream",
                "uri"
            ],
            "time": "2016-04-13 19:56:01"
        },
        {
            "name": "mnsami/composer-custom-directory-installer",
            "version": "1.1.0",
            "source": {
                "type": "git",
                "url": "https://github.com/mnsami/composer-custom-directory-installer.git",
                "reference": "0d4a476e54063f0da191224a27e505f5ad6e15ff"
            },
            "dist": {
                "type": "zip",
                "url": "https://api.github.com/repos/mnsami/composer-custom-directory-installer/zipball/0d4a476e54063f0da191224a27e505f5ad6e15ff",
                "reference": "0d4a476e54063f0da191224a27e505f5ad6e15ff",
                "shasum": ""
            },
            "require": {
                "composer-plugin-api": "^1.0",
                "php": ">=5.3"
            },
            "type": "composer-plugin",
            "extra": {
                "class": [
                    "Composer\\CustomDirectoryInstaller\\LibraryPlugin",
                    "Composer\\CustomDirectoryInstaller\\PearPlugin",
                    "Composer\\CustomDirectoryInstaller\\PluginPlugin",
                    "Composer\\CustomDirectoryInstaller\\MetapackagePlugin"
                ],
                "branch-alias": {
                    "dev-master": "1.1.x-dev"
                }
            },
            "autoload": {
                "psr-0": {
                    "Composer\\CustomDirectoryInstaller": "src/"
                }
            },
            "notification-url": "https://packagist.org/downloads/",
            "license": [
                "MIT"
            ],
            "authors": [
                {
                    "name": "Mina Nabil Sami",
                    "email": "mina.nsami@gmail.com"
                }
            ],
            "description": "A composer plugin, to help install packages of different types in custom paths.",
            "keywords": [
                "composer",
                "composer-installer",
                "composer-plugin"
            ],
            "time": "2016-02-04 14:48:35"
        },
        {
            "name": "mtdowling/jmespath.php",
            "version": "2.3.0",
            "source": {
                "type": "git",
                "url": "https://github.com/jmespath/jmespath.php.git",
                "reference": "192f93e43c2c97acde7694993ab171b3de284093"
            },
            "dist": {
                "type": "zip",
                "url": "https://api.github.com/repos/jmespath/jmespath.php/zipball/192f93e43c2c97acde7694993ab171b3de284093",
                "reference": "192f93e43c2c97acde7694993ab171b3de284093",
                "shasum": ""
            },
            "require": {
                "php": ">=5.4.0"
            },
            "require-dev": {
                "phpunit/phpunit": "~4.0"
            },
            "bin": [
                "bin/jp.php"
            ],
            "type": "library",
            "extra": {
                "branch-alias": {
                    "dev-master": "2.0-dev"
                }
            },
            "autoload": {
                "psr-4": {
                    "JmesPath\\": "src/"
                },
                "files": [
                    "src/JmesPath.php"
                ]
            },
            "notification-url": "https://packagist.org/downloads/",
            "license": [
                "MIT"
            ],
            "authors": [
                {
                    "name": "Michael Dowling",
                    "email": "mtdowling@gmail.com",
                    "homepage": "https://github.com/mtdowling"
                }
            ],
            "description": "Declaratively specify how to extract elements from a JSON document",
            "keywords": [
                "json",
                "jsonpath"
            ],
            "time": "2016-01-05 18:25:05"
        },
        {
            "name": "psr/http-message",
            "version": "1.0",
            "source": {
                "type": "git",
                "url": "https://github.com/php-fig/http-message.git",
                "reference": "85d63699f0dbedb190bbd4b0d2b9dc707ea4c298"
            },
            "dist": {
                "type": "zip",
                "url": "https://api.github.com/repos/php-fig/http-message/zipball/85d63699f0dbedb190bbd4b0d2b9dc707ea4c298",
                "reference": "85d63699f0dbedb190bbd4b0d2b9dc707ea4c298",
                "shasum": ""
            },
            "require": {
                "php": ">=5.3.0"
            },
            "type": "library",
            "extra": {
                "branch-alias": {
                    "dev-master": "1.0.x-dev"
                }
            },
            "autoload": {
                "psr-4": {
                    "Psr\\Http\\Message\\": "src/"
                }
            },
            "notification-url": "https://packagist.org/downloads/",
            "license": [
                "MIT"
            ],
            "authors": [
                {
                    "name": "PHP-FIG",
                    "homepage": "http://www.php-fig.org/"
                }
            ],
            "description": "Common interface for HTTP messages",
            "keywords": [
                "http",
                "http-message",
                "psr",
                "psr-7",
                "request",
                "response"
            ],
            "time": "2015-05-04 20:22:00"
        },
        {
            "name": "pusher/pusher-php-server",
            "version": "v2.3.0",
            "source": {
                "type": "git",
                "url": "https://github.com/pusher/pusher-http-php.git",
                "reference": "c03f5702d774d2c68785d4b61cd4701ed10759c5"
            },
            "dist": {
                "type": "zip",
                "url": "https://api.github.com/repos/pusher/pusher-http-php/zipball/c03f5702d774d2c68785d4b61cd4701ed10759c5",
                "reference": "c03f5702d774d2c68785d4b61cd4701ed10759c5",
                "shasum": ""
            },
            "require": {
                "ext-curl": "*",
                "php": ">=5.2"
            },
            "require-dev": {
                "phpunit/phpunit": "~4"
            },
            "type": "library",
            "autoload": {
                "classmap": [
                    "lib/"
                ]
            },
            "notification-url": "https://packagist.org/downloads/",
            "license": [
                "MIT"
            ],
            "description": "Library for interacting with the Pusher REST API",
            "homepage": "https://github.com/pusher/pusher-php-server",
            "keywords": [
                "events",
                "php-pusher-server",
                "publish",
                "pusher",
                "realtime",
                "rest",
                "trigger"
            ],
            "time": "2016-02-22 15:43:51"
        },
        {
            "name": "swiftmailer/swiftmailer",
            "version": "v5.4.2",
            "source": {
                "type": "git",
                "url": "https://github.com/swiftmailer/swiftmailer.git",
                "reference": "d8db871a54619458a805229a057ea2af33c753e8"
            },
            "dist": {
                "type": "zip",
                "url": "https://api.github.com/repos/swiftmailer/swiftmailer/zipball/d8db871a54619458a805229a057ea2af33c753e8",
                "reference": "d8db871a54619458a805229a057ea2af33c753e8",
                "shasum": ""
            },
            "require": {
                "php": ">=5.3.3"
            },
            "require-dev": {
                "mockery/mockery": "~0.9.1,<0.9.4"
            },
            "type": "library",
            "extra": {
                "branch-alias": {
                    "dev-master": "5.4-dev"
                }
            },
            "autoload": {
                "files": [
                    "lib/swift_required.php"
                ]
            },
            "notification-url": "https://packagist.org/downloads/",
            "license": [
                "MIT"
            ],
            "authors": [
                {
                    "name": "Chris Corbyn"
                },
                {
                    "name": "Fabien Potencier",
                    "email": "fabien@symfony.com"
                }
            ],
            "description": "Swiftmailer, free feature-rich PHP mailer",
            "homepage": "http://swiftmailer.org",
            "keywords": [
                "email",
                "mail",
                "mailer"
            ],
            "time": "2016-05-01 08:45:47"
        }
    ],
    "packages-dev": [],
    "aliases": [],
    "minimum-stability": "stable",
    "stability-flags": {
        "swiftmailer/swiftmailer": 20
    },
    "prefer-stable": false,
    "prefer-lowest": false,
    "platform": [],
    "platform-dev": []
}
